
Microsoft Visual Studio Solution File, Format Version 12.00
# Visual Studio Version 17
VisualStudioVersion = 17.0.31903.59
MinimumVisualStudioVersion = 10.0.40219.1
Project("{2150E333-8FDC-42A3-9474-1A3956D46DE8}") = "Backend", "Backend", "{1AE8ACA6-933B-BF2A-3671-3E2EAC007D16}"
EndProject
Project("{FAE04EC0-301F-11D3-BF4B-00C04F79EFBC}") = "MyRecipeBookAPI", "Backend\MyRecipeBookAPI\MyRecipeBookAPI.csproj", "{1226B14C-1DCB-40F4-B4A2-2B7EDB726795}"
EndProject
Project("{FAE04EC0-301F-11D3-BF4B-00C04F79EFBC}") = "MyRecipeBook.Application", "Backend\MyRecipeBook.Application\MyRecipeBook.Application.csproj", "{2A7C1EF6-E342-4CF7-AFDD-259061D8CBD5}"
EndProject
Project("{FAE04EC0-301F-11D3-BF4B-00C04F79EFBC}") = "MyRecipeBook.Domain", "Backend\MyRecipeBook.Domain\MyRecipeBook.Domain.csproj", "{BC029AC6-F90A-4539-AE33-E447651461C5}"
EndProject
Project("{FAE04EC0-301F-11D3-BF4B-00C04F79EFBC}") = "MyRecipeBook.Infrastructure", "Backend\MyRecipeBook.Infrastructure\MyRecipeBook.Infrastructure.csproj", "{EF7B9EE5-057C-4311-B319-17F1090C85BB}"
EndProject
Project("{2150E333-8FDC-42A3-9474-1A3956D46DE8}") = "Shared", "Shared", "{4F52FD11-658E-A102-6CD3-7D7C16FFA15B}"
EndProject
Project("{FAE04EC0-301F-11D3-BF4B-00C04F79EFBC}") = "MyRecipeBook.Communication", "Shared\MyRecipeBook.Communication\MyRecipeBook.Communication.csproj", "{0830569D-8F5E-4103-BF03-C3944684552A}"
EndProject
Project("{FAE04EC0-301F-11D3-BF4B-00C04F79EFBC}") = "MyRecipeBook.Exceptions", "Shared\MyRecipeBook.Exceptions\MyRecipeBook.Exceptions.csproj", "{3CD24A8A-5FFF-4CE6-8D8B-4A0BF8FD09C7}"
EndProject
Global
	GlobalSection(SolutionConfigurationPlatforms) = preSolution
		Debug|Any CPU = Debug|Any CPU
		Debug|x64 = Debug|x64
		Debug|x86 = Debug|x86
		Release|Any CPU = Release|Any CPU
		Release|x64 = Release|x64
		Release|x86 = Release|x86
	EndGlobalSection
	GlobalSection(ProjectConfigurationPlatforms) = postSolution
		{1226B14C-1DCB-40F4-B4A2-2B7EDB726795}.Debug|Any CPU.ActiveCfg = Debug|Any CPU
		{1226B14C-1DCB-40F4-B4A2-2B7EDB726795}.Debug|Any CPU.Build.0 = Debug|Any CPU
		{1226B14C-1DCB-40F4-B4A2-2B7EDB726795}.Debug|x64.ActiveCfg = Debug|Any CPU
		{1226B14C-1DCB-40F4-B4A2-2B7EDB726795}.Debug|x64.Build.0 = Debug|Any CPU
		{1226B14C-1DCB-40F4-B4A2-2B7EDB726795}.Debug|x86.ActiveCfg = Debug|Any CPU
		{1226B14C-1DCB-40F4-B4A2-2B7EDB726795}.Debug|x86.Build.0 = Debug|Any CPU
		{1226B14C-1DCB-40F4-B4A2-2B7EDB726795}.Release|Any CPU.ActiveCfg = Release|Any CPU
		{1226B14C-1DCB-40F4-B4A2-2B7EDB726795}.Release|Any CPU.Build.0 = Release|Any CPU
		{1226B14C-1DCB-40F4-B4A2-2B7EDB726795}.Release|x64.ActiveCfg = Release|Any CPU
		{1226B14C-1DCB-40F4-B4A2-2B7EDB726795}.Release|x64.Build.0 = Release|Any CPU
		{1226B14C-1DCB-40F4-B4A2-2B7EDB726795}.Release|x86.ActiveCfg = Release|Any CPU
		{1226B14C-1DCB-40F4-B4A2-2B7EDB726795}.Release|x86.Build.0 = Release|Any CPU
		{2A7C1EF6-E342-4CF7-AFDD-259061D8CBD5}.Debug|Any CPU.ActiveCfg = Debug|Any CPU
		{2A7C1EF6-E342-4CF7-AFDD-259061D8CBD5}.Debug|Any CPU.Build.0 = Debug|Any CPU
		{2A7C1EF6-E342-4CF7-AFDD-259061D8CBD5}.Debug|x64.ActiveCfg = Debug|Any CPU
		{2A7C1EF6-E342-4CF7-AFDD-259061D8CBD5}.Debug|x64.Build.0 = Debug|Any CPU
		{2A7C1EF6-E342-4CF7-AFDD-259061D8CBD5}.Debug|x86.ActiveCfg = Debug|Any CPU
		{2A7C1EF6-E342-4CF7-AFDD-259061D8CBD5}.Debug|x86.Build.0 = Debug|Any CPU
		{2A7C1EF6-E342-4CF7-AFDD-259061D8CBD5}.Release|Any CPU.ActiveCfg = Release|Any CPU
		{2A7C1EF6-E342-4CF7-AFDD-259061D8CBD5}.Release|Any CPU.Build.0 = Release|Any CPU
		{2A7C1EF6-E342-4CF7-AFDD-259061D8CBD5}.Release|x64.ActiveCfg = Release|Any CPU
		{2A7C1EF6-E342-4CF7-AFDD-259061D8CBD5}.Release|x64.Build.0 = Release|Any CPU
		{2A7C1EF6-E342-4CF7-AFDD-259061D8CBD5}.Release|x86.ActiveCfg = Release|Any CPU
		{2A7C1EF6-E342-4CF7-AFDD-259061D8CBD5}.Release|x86.Build.0 = Release|Any CPU
		{BC029AC6-F90A-4539-AE33-E447651461C5}.Debug|Any CPU.ActiveCfg = Debug|Any CPU
		{BC029AC6-F90A-4539-AE33-E447651461C5}.Debug|Any CPU.Build.0 = Debug|Any CPU
		{BC029AC6-F90A-4539-AE33-E447651461C5}.Debug|x64.ActiveCfg = Debug|Any CPU
		{BC029AC6-F90A-4539-AE33-E447651461C5}.Debug|x64.Build.0 = Debug|Any CPU
		{BC029AC6-F90A-4539-AE33-E447651461C5}.Debug|x86.ActiveCfg = Debug|Any CPU
		{BC029AC6-F90A-4539-AE33-E447651461C5}.Debug|x86.Build.0 = Debug|Any CPU
		{BC029AC6-F90A-4539-AE33-E447651461C5}.Release|Any CPU.ActiveCfg = Release|Any CPU
		{BC029AC6-F90A-4539-AE33-E447651461C5}.Release|Any CPU.Build.0 = Release|Any CPU
		{BC029AC6-F90A-4539-AE33-E447651461C5}.Release|x64.ActiveCfg = Release|Any CPU
		{BC029AC6-F90A-4539-AE33-E447651461C5}.Release|x64.Build.0 = Release|Any CPU
		{BC029AC6-F90A-4539-AE33-E447651461C5}.Release|x86.ActiveCfg = Release|Any CPU
		{BC029AC6-F90A-4539-AE33-E447651461C5}.Release|x86.Build.0 = Release|Any CPU
		{EF7B9EE5-057C-4311-B319-17F1090C85BB}.Debug|Any CPU.ActiveCfg = Debug|Any CPU
		{EF7B9EE5-057C-4311-B319-17F1090C85BB}.Debug|Any CPU.Build.0 = Debug|Any CPU
		{EF7B9EE5-057C-4311-B319-17F1090C85BB}.Debug|x64.ActiveCfg = Debug|Any CPU
		{EF7B9EE5-057C-4311-B319-17F1090C85BB}.Debug|x64.Build.0 = Debug|Any CPU
		{EF7B9EE5-057C-4311-B319-17F1090C85BB}.Debug|x86.ActiveCfg = Debug|Any CPU
		{EF7B9EE5-057C-4311-B319-17F1090C85BB}.Debug|x86.Build.0 = Debug|Any CPU
		{EF7B9EE5-057C-4311-B319-17F1090C85BB}.Release|Any CPU.ActiveCfg = Release|Any CPU
		{EF7B9EE5-057C-4311-B319-17F1090C85BB}.Release|Any CPU.Build.0 = Release|Any CPU
		{EF7B9EE5-057C-4311-B319-17F1090C85BB}.Release|x64.ActiveCfg = Release|Any CPU
		{EF7B9EE5-057C-4311-B319-17F1090C85BB}.Release|x64.Build.0 = Release|Any CPU
		{EF7B9EE5-057C-4311-B319-17F1090C85BB}.Release|x86.ActiveCfg = Release|Any CPU
		{EF7B9EE5-057C-4311-B319-17F1090C85BB}.Release|x86.Build.0 = Release|Any CPU
		{0830569D-8F5E-4103-BF03-C3944684552A}.Debug|Any CPU.ActiveCfg = Debug|Any CPU
		{0830569D-8F5E-4103-BF03-C3944684552A}.Debug|Any CPU.Build.0 = Debug|Any CPU
		{0830569D-8F5E-4103-BF03-C3944684552A}.Debug|x64.ActiveCfg = Debug|Any CPU
		{0830569D-8F5E-4103-BF03-C3944684552A}.Debug|x64.Build.0 = Debug|Any CPU
		{0830569D-8F5E-4103-BF03-C3944684552A}.Debug|x86.ActiveCfg = Debug|Any CPU
		{0830569D-8F5E-4103-BF03-C3944684552A}.Debug|x86.Build.0 = Debug|Any CPU
		{0830569D-8F5E-4103-BF03-C3944684552A}.Release|Any CPU.ActiveCfg = Release|Any CPU
		{0830569D-8F5E-4103-BF03-C3944684552A}.Release|Any CPU.Build.0 = Release|Any CPU
		{0830569D-8F5E-4103-BF03-C3944684552A}.Release|x64.ActiveCfg = Release|Any CPU
		{0830569D-8F5E-4103-BF03-C3944684552A}.Release|x64.Build.0 = Release|Any CPU
		{0830569D-8F5E-4103-BF03-C3944684552A}.Release|x86.ActiveCfg = Release|Any CPU
		{0830569D-8F5E-4103-BF03-C3944684552A}.Release|x86.Build.0 = Release|Any CPU
		{3CD24A8A-5FFF-4CE6-8D8B-4A0BF8FD09C7}.Debug|Any CPU.ActiveCfg = Debug|Any CPU
		{3CD24A8A-5FFF-4CE6-8D8B-4A0BF8FD09C7}.Debug|Any CPU.Build.0 = Debug|Any CPU
		{3CD24A8A-5FFF-4CE6-8D8B-4A0BF8FD09C7}.Debug|x64.ActiveCfg = Debug|Any CPU
		{3CD24A8A-5FFF-4CE6-8D8B-4A0BF8FD09C7}.Debug|x64.Build.0 = Debug|Any CPU
		{3CD24A8A-5FFF-4CE6-8D8B-4A0BF8FD09C7}.Debug|x86.ActiveCfg = Debug|Any CPU
		{3CD24A8A-5FFF-4CE6-8D8B-4A0BF8FD09C7}.Debug|x86.Build.0 = Debug|Any CPU
		{3CD24A8A-5FFF-4CE6-8D8B-4A0BF8FD09C7}.Release|Any CPU.ActiveCfg = Release|Any CPU
		{3CD24A8A-5FFF-4CE6-8D8B-4A0BF8FD09C7}.Release|Any CPU.Build.0 = Release|Any CPU
		{3CD24A8A-5FFF-4CE6-8D8B-4A0BF8FD09C7}.Release|x64.ActiveCfg = Release|Any CPU
		{3CD24A8A-5FFF-4CE6-8D8B-4A0BF8FD09C7}.Release|x64.Build.0 = Release|Any CPU
		{3CD24A8A-5FFF-4CE6-8D8B-4A0BF8FD09C7}.Release|x86.ActiveCfg = Release|Any CPU
		{3CD24A8A-5FFF-4CE6-8D8B-4A0BF8FD09C7}.Release|x86.Build.0 = Release|Any CPU
	EndGlobalSection
	GlobalSection(SolutionProperties) = preSolution
		HideSolutionNode = FALSE
	EndGlobalSection
	GlobalSection(NestedProjects) = preSolution
		{1226B14C-1DCB-40F4-B4A2-2B7EDB726795} = {1AE8ACA6-933B-BF2A-3671-3E2EAC007D16}
		{2A7C1EF6-E342-4CF7-AFDD-259061D8CBD5} = {1AE8ACA6-933B-BF2A-3671-3E2EAC007D16}
		{BC029AC6-F90A-4539-AE33-E447651461C5} = {1AE8ACA6-933B-BF2A-3671-3E2EAC007D16}
		{EF7B9EE5-057C-4311-B319-17F1090C85BB} = {1AE8ACA6-933B-BF2A-3671-3E2EAC007D16}
		{0830569D-8F5E-4103-BF03-C3944684552A} = {4F52FD11-658E-A102-6CD3-7D7C16FFA15B}
		{3CD24A8A-5FFF-4CE6-8D8B-4A0BF8FD09C7} = {4F52FD11-658E-A102-6CD3-7D7C16FFA15B}
	EndGlobalSection
EndGlobal
